
Microsoft Visual Studio Solution File, Format Version 12.00
# Visual Studio 15
VisualStudioVersion = 15.0.28307.489
MinimumVisualStudioVersion = 10.0.40219.1
Project("{FAE04EC0-301F-11D3-BF4B-00C04F79EFBC}") = "Guia 0 - Ej5-8)", "Guia 0 - Ej5-8)\Guia 0 - Ej5-8).csproj", "{DB74688F-29D4-404B-9C53-FF043999437F}"
EndProject
Global
	GlobalSection(SolutionConfigurationPlatforms) = preSolution
		Debug|Any CPU = Debug|Any CPU
		Release|Any CPU = Release|Any CPU
	EndGlobalSection
	GlobalSection(ProjectConfigurationPlatforms) = postSolution
		{DB74688F-29D4-404B-9C53-FF043999437F}.Debug|Any CPU.ActiveCfg = Debug|Any CPU
		{DB74688F-29D4-404B-9C53-FF043999437F}.Debug|Any CPU.Build.0 = Debug|Any CPU
		{DB74688F-29D4-404B-9C53-FF043999437F}.Release|Any CPU.ActiveCfg = Release|Any CPU
		{DB74688F-29D4-404B-9C53-FF043999437F}.Release|Any CPU.Build.0 = Release|Any CPU
	EndGlobalSection
	GlobalSection(SolutionProperties) = preSolution
		HideSolutionNode = FALSE
	EndGlobalSection
	GlobalSection(ExtensibilityGlobals) = postSolution
		SolutionGuid = {25C47289-ED76-494C-8246-6C605340668A}
	EndGlobalSection
EndGlobal
